
Microsoft Visual Studio Solution File, Format Version 12.00
# Visual Studio 15
Project("{FAE04EC0-301F-11D3-BF4B-00C04F79EFBC}") = "manufactureDB", "manufactureDB.csproj", "{D55C8298-B094-4AE9-85B4-105940768565}"
EndProject
Global
	GlobalSection(SolutionConfigurationPlatforms) = preSolution
		Debug|Any CPU = Debug|Any CPU
		Release|Any CPU = Release|Any CPU
	EndGlobalSection
	GlobalSection(ProjectConfigurationPlatforms) = postSolution
		{D55C8298-B094-4AE9-85B4-105940768565}.Debug|Any CPU.ActiveCfg = Debug|Any CPU
		{D55C8298-B094-4AE9-85B4-105940768565}.Debug|Any CPU.Build.0 = Debug|Any CPU
		{D55C8298-B094-4AE9-85B4-105940768565}.Release|Any CPU.ActiveCfg = Release|Any CPU
		{D55C8298-B094-4AE9-85B4-105940768565}.Release|Any CPU.Build.0 = Release|Any CPU
	EndGlobalSection
EndGlobal
